
Microsoft Visual Studio Solution File, Format Version 12.00
# Visual Studio Version 17
VisualStudioVersion = 17.11.35327.3
MinimumVisualStudioVersion = 10.0.40219.1
Project("{FAE04EC0-301F-11D3-BF4B-00C04F79EFBC}") = "Restoran Sipariş Yönetim Sistemi(Restaurant Order Management System)", "Restoran Sipariş Yönetim Sistemi(Restaurant Order Management System).csproj", "{1A090A12-7407-4C7F-8FA6-0FEC14F65A64}"
EndProject
Global
	GlobalSection(SolutionConfigurationPlatforms) = preSolution
		Debug|Any CPU = Debug|Any CPU
		Release|Any CPU = Release|Any CPU
	EndGlobalSection
	GlobalSection(ProjectConfigurationPlatforms) = postSolution
		{1A090A12-7407-4C7F-8FA6-0FEC14F65A64}.Debug|Any CPU.ActiveCfg = Debug|Any CPU
		{1A090A12-7407-4C7F-8FA6-0FEC14F65A64}.Debug|Any CPU.Build.0 = Debug|Any CPU
		{1A090A12-7407-4C7F-8FA6-0FEC14F65A64}.Release|Any CPU.ActiveCfg = Release|Any CPU
		{1A090A12-7407-4C7F-8FA6-0FEC14F65A64}.Release|Any CPU.Build.0 = Release|Any CPU
	EndGlobalSection
	GlobalSection(SolutionProperties) = preSolution
		HideSolutionNode = FALSE
	EndGlobalSection
	GlobalSection(ExtensibilityGlobals) = postSolution
		SolutionGuid = {F058FB9E-68D0-4E20-BBC2-AB28900852C0}
	EndGlobalSection
EndGlobal
